{
  "name": "prettygoat",
  "version": "6.3.2",
  "lockfileVersion": 1,
  "requires": true,
  "dependencies": {
    "@types/async": {
      "version": "2.0.44",
      "resolved": "https://registry.npmjs.org/@types/async/-/async-2.0.44.tgz",
      "integrity": "sha512-tE5HO+BSq3xfLWTaXyty1ITfs9Uu8CA4dYf1TeEtcPAtQEOY0c/oZYMtbEHFsUExD0g+sWmKYxtjeRQ2ywrp8Q==",
      "dev": true
    },
    "@types/chai": {
      "version": "4.0.4",
      "resolved": "https://registry.npmjs.org/@types/chai/-/chai-4.0.4.tgz",
      "integrity": "sha512-cvU0HomQ7/aGDQJZsbtJXqBQ7w4J4TqLB0Z/h8mKrpRjfeZEvTbygkfJEb7fWdmwpIeDeFmIVwAEqS0OYuUv3Q==",
      "dev": true
    },
    "@types/expect.js": {
      "version": "0.3.29",
      "resolved": "https://registry.npmjs.org/@types/expect.js/-/expect.js-0.3.29.tgz",
      "integrity": "sha1-KN01kVW4S47LCUr8P0t0wyItyjs=",
      "dev": true
    },
    "@types/express": {
      "version": "4.0.37",
      "resolved": "https://registry.npmjs.org/@types/express/-/express-4.0.37.tgz",
      "integrity": "sha512-tIULTLzQpFFs5/PKnFIAFOsXQxss76glppbVKR3/jddPK26SBsD5HF5grn5G2jOGtpRWSBvYmDYoduVv+3wOXg==",
      "dev": true,
      "requires": {
        "@types/express-serve-static-core": "4.0.53",
        "@types/serve-static": "1.7.32"
      }
    },
    "@types/express-serve-static-core": {
      "version": "4.0.53",
      "resolved": "https://registry.npmjs.org/@types/express-serve-static-core/-/express-serve-static-core-4.0.53.tgz",
      "integrity": "sha512-zaGeOpEYp5G2EhjaUFdVwysDrfEYc6Q6iPhd3Kl4ip30x0tvVv7SuJvY3yzCUSuFlzAG8N5KsyY6BJg93/cn+Q==",
      "dev": true,
      "requires": {
        "@types/node": "6.0.90"
      }
    },
    "@types/lodash": {
      "version": "4.14.54",
      "resolved": "https://registry.npmjs.org/@types/lodash/-/lodash-4.14.54.tgz",
      "integrity": "sha1-KH27zZfV2mnCXKmfta+oHEg5t/o=",
      "dev": true
    },
    "@types/lolex": {
      "version": "1.5.31",
      "resolved": "https://registry.npmjs.org/@types/lolex/-/lolex-1.5.31.tgz",
      "integrity": "sha1-ueBU4m4gqYfPL0k5m96+7IoDxZM=",
      "dev": true
    },
    "@types/mime": {
      "version": "0.0.29",
      "resolved": "https://registry.npmjs.org/@types/mime/-/mime-0.0.29.tgz",
      "integrity": "sha1-+8/TMFc7kS71nu7hRgK/rOYwdUs=",
      "dev": true
    },
    "@types/mocha": {
      "version": "2.2.43",
      "resolved": "https://registry.npmjs.org/@types/mocha/-/mocha-2.2.43.tgz",
      "integrity": "sha512-xNlAmH+lRJdUMXClMTI9Y0pRqIojdxfm7DHsIxoB2iTzu3fnPmSMEN8SsSx0cdwV36d02PWCWaDUoZPDSln+xw==",
      "dev": true
    },
    "@types/node": {
      "version": "6.0.90",
      "resolved": "https://registry.npmjs.org/@types/node/-/node-6.0.90.tgz",
      "integrity": "sha512-tXoGRVdi7wZX7P1VWoV9Wfk0uYDOAHdEYXAttuWgSrN76Q32wQlSrMX0Rgyv3RTEaQY2ZLQrzYHVM2e8rfo8sA=="
    },
    "@types/qs": {
      "version": "6.2.31",
      "resolved": "https://registry.npmjs.org/@types/qs/-/qs-6.2.31.tgz",
      "integrity": "sha1-fZKb2Hf5zT7OZBXGArfPmwdxM/E=",
      "dev": true
    },
    "@types/serve-static": {
      "version": "1.7.32",
      "resolved": "https://registry.npmjs.org/@types/serve-static/-/serve-static-1.7.32.tgz",
      "integrity": "sha512-WpI0g7M1FiOmJ/a97Qrjafq2I938tjAZ3hZr9O7sXyA6oUhH3bqUNZIt7r1KZg8TQAKxcvxt6JjQ5XuLfIBFvg==",
      "dev": true,
      "requires": {
        "@types/express-serve-static-core": "4.0.53",
        "@types/mime": "0.0.29"
      }
    },
    "@types/socket.io": {
      "version": "1.4.31",
      "resolved": "https://registry.npmjs.org/@types/socket.io/-/socket.io-1.4.31.tgz",
      "integrity": "sha512-HnO78rKiAx+tCEKYFurJvKLNAluN9B0V+yLnkJEY9BVwmCXHA7oKeLCymqP/uAgx0t+un/JM+GJOTwNQJ+ODvQ==",
      "dev": true,
      "requires": {
        "@types/node": "6.0.90"
      }
    },
    "CBuffer": {
      "version": "2.0.0",
      "resolved": "https://registry.npmjs.org/CBuffer/-/CBuffer-2.0.0.tgz",
      "integrity": "sha1-+VbPZYiKiYjGn74slPlwA8m3Hho="
    },
    "accepts": {
      "version": "1.3.4",
      "resolved": "https://registry.npmjs.org/accepts/-/accepts-1.3.4.tgz",
      "integrity": "sha1-hiRnWMfdbSGmR0/whKR0DsBesh8=",
      "requires": {
        "mime-types": "2.1.17",
        "negotiator": "0.6.1"
      }
    },
    "after": {
      "version": "0.8.2",
      "resolved": "https://registry.npmjs.org/after/-/after-0.8.2.tgz",
      "integrity": "sha1-/ts5T58OAqqXaOcCvaI7UF+ufh8="
    },
    "array-flatten": {
      "version": "1.1.1",
      "resolved": "https://registry.npmjs.org/array-flatten/-/array-flatten-1.1.1.tgz",
      "integrity": "sha1-ml9pkFGx5wczKPKgCJaLZOopVdI="
    },
    "arraybuffer.slice": {
      "version": "0.0.6",
      "resolved": "https://registry.npmjs.org/arraybuffer.slice/-/arraybuffer.slice-0.0.6.tgz",
      "integrity": "sha1-8zshWfBTKj8xB6JywMz70a0peco="
    },
    "assertion-error": {
      "version": "1.0.2",
      "resolved": "https://registry.npmjs.org/assertion-error/-/assertion-error-1.0.2.tgz",
      "integrity": "sha1-E8pRXYYgbaC6xm6DTdOX2HWBCUw=",
      "dev": true
    },
    "async": {
      "version": "2.1.5",
      "resolved": "https://registry.npmjs.org/async/-/async-2.1.5.tgz",
      "integrity": "sha1-5YfGhYCZSsZ/xW/4bTrFa9voELw=",
      "requires": {
        "lodash": "4.17.4"
      },
      "dependencies": {
        "lodash": {
          "version": "4.17.4",
          "resolved": "https://registry.npmjs.org/lodash/-/lodash-4.17.4.tgz",
          "integrity": "sha1-eCA6TRwyiuHYbcpkYONptX9AVa4="
        }
      }
    },
    "backo2": {
      "version": "1.0.2",
      "resolved": "https://registry.npmjs.org/backo2/-/backo2-1.0.2.tgz",
      "integrity": "sha1-MasayLEpNjRj41s+u2n038+6eUc="
    },
    "base64-arraybuffer": {
      "version": "0.1.5",
      "resolved": "https://registry.npmjs.org/base64-arraybuffer/-/base64-arraybuffer-0.1.5.tgz",
      "integrity": "sha1-c5JncZI7Whl0etZmqlzUv5xunOg="
    },
    "base64id": {
      "version": "1.0.0",
      "resolved": "https://registry.npmjs.org/base64id/-/base64id-1.0.0.tgz",
      "integrity": "sha1-R2iMuZu2gE8OBtPnY7HDLlfY5rY="
    },
    "better-assert": {
      "version": "1.0.2",
      "resolved": "https://registry.npmjs.org/better-assert/-/better-assert-1.0.2.tgz",
      "integrity": "sha1-QIZrnhueC1W0gYlDEeaPr/rrxSI=",
      "requires": {
        "callsite": "1.0.0"
      }
    },
    "bivio": {
      "version": "0.3.2",
      "resolved": "https://registry.npmjs.org/bivio/-/bivio-0.3.2.tgz",
      "integrity": "sha1-RoD8VR+YJ3kopiXzUPjkVGVWY9k=",
      "requires": {
        "@types/lodash": "4.14.43",
        "@types/node": "6.0.90",
        "envify": "4.0.0",
        "lodash": "4.17.4",
        "reflect-metadata": "0.1.8"
      },
      "dependencies": {
        "@types/lodash": {
          "version": "4.14.43",
          "resolved": "https://registry.npmjs.org/@types/lodash/-/lodash-4.14.43.tgz",
          "integrity": "sha1-A3PeQi5w9bzhLBU0AQOjwSbIEIY="
        },
        "lodash": {
          "version": "4.17.4",
          "resolved": "https://registry.npmjs.org/lodash/-/lodash-4.17.4.tgz",
          "integrity": "sha1-eCA6TRwyiuHYbcpkYONptX9AVa4="
        }
      }
    },
    "blob": {
      "version": "0.0.4",
      "resolved": "https://registry.npmjs.org/blob/-/blob-0.0.4.tgz",
      "integrity": "sha1-vPEwUspURj8w+fx+lbmkdjCpSSE="
    },
    "body": {
      "version": "5.1.0",
      "resolved": "https://registry.npmjs.org/body/-/body-5.1.0.tgz",
      "integrity": "sha1-5LoM5BCkaTYyM2dgnstOZVMSUGk=",
      "requires": {
        "continuable-cache": "0.3.1",
        "error": "7.0.2",
        "raw-body": "1.1.7",
        "safe-json-parse": "1.0.1"
      }
    },
    "bytes": {
      "version": "1.0.0",
      "resolved": "https://registry.npmjs.org/bytes/-/bytes-1.0.0.tgz",
      "integrity": "sha1-NWnt6Lo0MV+rmcPpLLBMciDeH6g="
    },
    "callsite": {
      "version": "1.0.0",
      "resolved": "https://registry.npmjs.org/callsite/-/callsite-1.0.0.tgz",
      "integrity": "sha1-KAOY5dZkvXQDi28JBRU+borxvCA="
    },
    "chai": {
      "version": "4.0.2",
      "resolved": "https://registry.npmjs.org/chai/-/chai-4.0.2.tgz",
      "integrity": "sha1-L3MnxN5vOF3XeHmZ4qsCaXoyuDs=",
      "dev": true,
      "requires": {
        "assertion-error": "1.0.2",
        "check-error": "1.0.2",
        "deep-eql": "2.0.2",
        "get-func-name": "2.0.0",
        "pathval": "1.1.0",
        "type-detect": "4.0.3"
      }
    },
    "check-error": {
      "version": "1.0.2",
      "resolved": "https://registry.npmjs.org/check-error/-/check-error-1.0.2.tgz",
      "integrity": "sha1-V00xLt2Iu13YkS6Sht1sCu1KrII=",
      "dev": true
    },
    "component-bind": {
      "version": "1.0.0",
      "resolved": "https://registry.npmjs.org/component-bind/-/component-bind-1.0.0.tgz",
      "integrity": "sha1-AMYIq33Nk4l8AAllGx06jh5zu9E="
    },
    "component-emitter": {
      "version": "1.1.2",
      "resolved": "https://registry.npmjs.org/component-emitter/-/component-emitter-1.1.2.tgz",
      "integrity": "sha1-KWWU8nU9qmOZbSrwjRWpURbJrsM="
    },
    "component-inherit": {
      "version": "0.0.3",
      "resolved": "https://registry.npmjs.org/component-inherit/-/component-inherit-0.0.3.tgz",
      "integrity": "sha1-ZF/ErfWLcrZJ1crmUTVhnbJv8UM="
    },
    "content-disposition": {
      "version": "0.5.2",
      "resolved": "https://registry.npmjs.org/content-disposition/-/content-disposition-0.5.2.tgz",
      "integrity": "sha1-DPaLud318r55YcOoUXjLhdunjLQ="
    },
    "content-type": {
      "version": "1.0.4",
      "resolved": "https://registry.npmjs.org/content-type/-/content-type-1.0.4.tgz",
      "integrity": "sha512-hIP3EEPs8tB9AT1L+NUqtwOAps4mk2Zob89MWXMHjHWg9milF/j4osnnQLXBCBFBk/tvIG/tUc9mOUJiPBhPXA=="
    },
    "continuable-cache": {
      "version": "0.3.1",
      "resolved": "https://registry.npmjs.org/continuable-cache/-/continuable-cache-0.3.1.tgz",
      "integrity": "sha1-vXJ6f67XfnH/OYWskzUakSczrQ8="
    },
    "cookie": {
      "version": "0.3.1",
      "resolved": "https://registry.npmjs.org/cookie/-/cookie-0.3.1.tgz",
      "integrity": "sha1-5+Ch+e9DtMi6klxcWpboBtFoc7s="
    },
    "cookie-signature": {
      "version": "1.0.6",
      "resolved": "https://registry.npmjs.org/cookie-signature/-/cookie-signature-1.0.6.tgz",
      "integrity": "sha1-4wOogrNCzD7oylE6eZmXNNqzriw="
    },
    "cookies": {
      "version": "0.3.8",
      "resolved": "https://registry.npmjs.org/cookies/-/cookies-0.3.8.tgz",
      "integrity": "sha1-kv5QkY89Va7Erp2Xi83doq2ijOk=",
      "dev": true
    },
    "core-util-is": {
      "version": "1.0.2",
      "resolved": "https://registry.npmjs.org/core-util-is/-/core-util-is-1.0.2.tgz",
      "integrity": "sha1-tf1UIgqivFq1eqtxQMlAdUUDwac=",
      "dev": true
    },
    "cors": {
      "version": "2.7.2",
      "resolved": "https://registry.npmjs.org/cors/-/cors-2.7.2.tgz",
      "integrity": "sha1-IThd6//yTCI6EGBbgjEUUpmaHLs=",
      "requires": {
        "vary": "1.1.2"
      }
    },
    "debug": {
      "version": "2.6.9",
      "resolved": "https://registry.npmjs.org/debug/-/debug-2.6.9.tgz",
      "integrity": "sha512-bC7ElrdJaJnPbAP+1EotYvqZsb3ecl5wi6Bfi6BJTUcNowp6cvspg0jXznRTKDjm/E7AdgFBVeAPVMNcKGsHMA==",
      "requires": {
        "ms": "2.0.0"
      }
    },
    "deep-eql": {
      "version": "2.0.2",
      "resolved": "https://registry.npmjs.org/deep-eql/-/deep-eql-2.0.2.tgz",
      "integrity": "sha1-sbrAblbwp2d3aG1Qyf63XC7XZ5o=",
      "dev": true,
      "requires": {
        "type-detect": "3.0.0"
      },
      "dependencies": {
        "type-detect": {
          "version": "3.0.0",
          "resolved": "https://registry.npmjs.org/type-detect/-/type-detect-3.0.0.tgz",
          "integrity": "sha1-RtDMhVOrt7E6NSsNbeov1Y8tm1U=",
          "dev": true
        }
      }
    },
    "depd": {
      "version": "1.1.1",
      "resolved": "https://registry.npmjs.org/depd/-/depd-1.1.1.tgz",
      "integrity": "sha1-V4O04cRZ8G+lyif5kfPQbnoxA1k="
    },
    "destroy": {
      "version": "1.0.4",
      "resolved": "https://registry.npmjs.org/destroy/-/destroy-1.0.4.tgz",
      "integrity": "sha1-l4hXRCxEdJ5CBmE+N5RiBYJqvYA="
    },
    "ee-first": {
      "version": "1.1.1",
      "resolved": "https://registry.npmjs.org/ee-first/-/ee-first-1.1.1.tgz",
      "integrity": "sha1-WQxhFWsK4vTwJVcyoViyZrxWsh0="
    },
    "encodeurl": {
      "version": "1.0.1",
      "resolved": "https://registry.npmjs.org/encodeurl/-/encodeurl-1.0.1.tgz",
      "integrity": "sha1-eePVhlU0aQn+bw9Fpd5oEDspTSA="
    },
    "engine.io": {
      "version": "1.8.4",
      "resolved": "https://registry.npmjs.org/engine.io/-/engine.io-1.8.4.tgz",
      "integrity": "sha1-d7zhK4Dl1gQpM3/sOw2vaR68kAM=",
      "requires": {
        "accepts": "1.3.3",
        "base64id": "1.0.0",
        "cookie": "0.3.1",
        "debug": "2.3.3",
        "engine.io-parser": "1.3.2",
        "ws": "1.1.4"
      },
      "dependencies": {
        "accepts": {
          "version": "1.3.3",
          "resolved": "https://registry.npmjs.org/accepts/-/accepts-1.3.3.tgz",
          "integrity": "sha1-w8p0NJOGSMPg2cHjKN1otiLChMo=",
          "requires": {
            "mime-types": "2.1.17",
            "negotiator": "0.6.1"
          }
        },
        "debug": {
          "version": "2.3.3",
          "resolved": "https://registry.npmjs.org/debug/-/debug-2.3.3.tgz",
          "integrity": "sha1-QMRT5n5uE8kB3ewxeviYbNqe/4w=",
          "requires": {
            "ms": "0.7.2"
          }
        },
        "ms": {
          "version": "0.7.2",
          "resolved": "https://registry.npmjs.org/ms/-/ms-0.7.2.tgz",
          "integrity": "sha1-riXPJRKziFodldfwN4aNhDESR2U="
        }
      }
    },
    "engine.io-client": {
      "version": "1.8.4",
      "resolved": "https://registry.npmjs.org/engine.io-client/-/engine.io-client-1.8.4.tgz",
      "integrity": "sha1-n+hd7iWFPKa6viW9KtaHEIY+kcI=",
      "requires": {
        "component-emitter": "1.2.1",
        "component-inherit": "0.0.3",
        "debug": "2.3.3",
        "engine.io-parser": "1.3.2",
        "has-cors": "1.1.0",
        "indexof": "0.0.1",
        "parsejson": "0.0.3",
        "parseqs": "0.0.5",
        "parseuri": "0.0.5",
        "ws": "1.1.2",
        "xmlhttprequest-ssl": "1.5.3",
        "yeast": "0.1.2"
      },
      "dependencies": {
        "component-emitter": {
          "version": "1.2.1",
          "resolved": "https://registry.npmjs.org/component-emitter/-/component-emitter-1.2.1.tgz",
          "integrity": "sha1-E3kY1teCg/ffemt8WmPhQOaUJeY="
        },
        "debug": {
          "version": "2.3.3",
          "resolved": "https://registry.npmjs.org/debug/-/debug-2.3.3.tgz",
          "integrity": "sha1-QMRT5n5uE8kB3ewxeviYbNqe/4w=",
          "requires": {
            "ms": "0.7.2"
          }
        },
        "ms": {
          "version": "0.7.2",
          "resolved": "https://registry.npmjs.org/ms/-/ms-0.7.2.tgz",
          "integrity": "sha1-riXPJRKziFodldfwN4aNhDESR2U="
        },
        "ws": {
          "version": "1.1.2",
          "resolved": "https://registry.npmjs.org/ws/-/ws-1.1.2.tgz",
          "integrity": "sha1-iiRPoFJAHgjJiGz0SoUYnh/UBn8=",
          "requires": {
            "options": "0.0.6",
            "ultron": "1.0.2"
          }
        }
      }
    },
    "engine.io-parser": {
      "version": "1.3.2",
      "resolved": "https://registry.npmjs.org/engine.io-parser/-/engine.io-parser-1.3.2.tgz",
      "integrity": "sha1-k3sHnwAH0Ik+xW1GyyILjLQ1Igo=",
      "requires": {
        "after": "0.8.2",
        "arraybuffer.slice": "0.0.6",
        "base64-arraybuffer": "0.1.5",
        "blob": "0.0.4",
        "has-binary": "0.1.7",
        "wtf-8": "1.0.0"
      }
    },
    "envify": {
      "version": "4.0.0",
      "resolved": "https://registry.npmjs.org/envify/-/envify-4.0.0.tgz",
      "integrity": "sha1-95E0Pj0RzCnM5BFQMAqK9hxmyrA=",
      "requires": {
        "esprima": "3.1.3",
        "through": "2.3.8"
      }
    },
    "error": {
      "version": "7.0.2",
      "resolved": "https://registry.npmjs.org/error/-/error-7.0.2.tgz",
      "integrity": "sha1-pfdf/02ZJhJt2sDqXcOOaJFTywI=",
      "requires": {
        "string-template": "0.2.1",
        "xtend": "4.0.1"
      }
    },
    "escape-html": {
      "version": "1.0.3",
      "resolved": "https://registry.npmjs.org/escape-html/-/escape-html-1.0.3.tgz",
      "integrity": "sha1-Aljq5NPQwJdN4cFpGI7wBR0dGYg="
    },
    "esprima": {
      "version": "3.1.3",
      "resolved": "https://registry.npmjs.org/esprima/-/esprima-3.1.3.tgz",
      "integrity": "sha1-/cpRzuYTOJXjyI1TXOSdv/YqRjM="
    },
    "etag": {
      "version": "1.8.1",
      "resolved": "https://registry.npmjs.org/etag/-/etag-1.8.1.tgz",
      "integrity": "sha1-Qa4u62XvpiJorr/qg6x9eSmbCIc="
    },
    "expect.js": {
      "version": "0.3.1",
      "resolved": "https://registry.npmjs.org/expect.js/-/expect.js-0.3.1.tgz",
      "integrity": "sha1-sKWaDS7/VDdUTr8M6qYBWEHQm1s=",
      "dev": true
    },
    "express": {
      "version": "4.15.5",
      "resolved": "https://registry.npmjs.org/express/-/express-4.15.5.tgz",
      "integrity": "sha1-ZwI1ypWYiQpa6BcLg9tyK4Qu2Sc=",
      "requires": {
        "accepts": "1.3.4",
        "array-flatten": "1.1.1",
        "content-disposition": "0.5.2",
        "content-type": "1.0.4",
        "cookie": "0.3.1",
        "cookie-signature": "1.0.6",
        "debug": "2.6.9",
        "depd": "1.1.1",
        "encodeurl": "1.0.1",
        "escape-html": "1.0.3",
        "etag": "1.8.1",
        "finalhandler": "1.0.6",
        "fresh": "0.5.2",
        "merge-descriptors": "1.0.1",
        "methods": "1.1.2",
        "on-finished": "2.3.0",
        "parseurl": "1.3.2",
        "path-to-regexp": "0.1.7",
        "proxy-addr": "1.1.5",
        "qs": "6.5.0",
        "range-parser": "1.2.0",
        "send": "0.15.6",
        "serve-static": "1.12.6",
        "setprototypeof": "1.0.3",
        "statuses": "1.3.1",
        "type-is": "1.6.15",
        "utils-merge": "1.0.0",
        "vary": "1.1.2"
      },
      "dependencies": {
        "qs": {
          "version": "6.5.0",
          "resolved": "https://registry.npmjs.org/qs/-/qs-6.5.0.tgz",
          "integrity": "sha512-fjVFjW9yhqMhVGwRExCXLhJKrLlkYSaxNWdyc9rmHlrVZbk35YHH312dFd7191uQeXkI3mKLZTIbSvIeFwFemg=="
        }
      }
    },
    "finalhandler": {
      "version": "1.0.6",
      "resolved": "https://registry.npmjs.org/finalhandler/-/finalhandler-1.0.6.tgz",
      "integrity": "sha1-AHrqM9Gk0+QgF/YkhIrVjSEvgU8=",
      "requires": {
        "debug": "2.6.9",
        "encodeurl": "1.0.1",
        "escape-html": "1.0.3",
        "on-finished": "2.3.0",
        "parseurl": "1.3.2",
        "statuses": "1.3.1",
        "unpipe": "1.0.0"
      }
    },
    "forwarded": {
      "version": "0.1.2",
      "resolved": "https://registry.npmjs.org/forwarded/-/forwarded-0.1.2.tgz",
      "integrity": "sha1-mMI9qxF1ZXuMBXPozszZGw/xjIQ="
    },
    "fresh": {
      "version": "0.5.2",
      "resolved": "https://registry.npmjs.org/fresh/-/fresh-0.5.2.tgz",
      "integrity": "sha1-PYyt2Q2XZWn6g1qx+OSyOhBWBac="
    },
    "get-func-name": {
      "version": "2.0.0",
      "resolved": "https://registry.npmjs.org/get-func-name/-/get-func-name-2.0.0.tgz",
      "integrity": "sha1-6td0q+5y4gQJQzoGY2YCPdaIekE=",
      "dev": true
    },
    "hammock": {
      "version": "2.0.1",
      "resolved": "https://registry.npmjs.org/hammock/-/hammock-2.0.1.tgz",
      "integrity": "sha1-VcwThM32Ly22WhvKxTkT/G1diCg=",
      "dev": true,
      "requires": {
        "cookies": "0.3.8",
        "lodash": "3.10.1",
        "readable-stream": "1.0.34"
      },
      "dependencies": {
        "lodash": {
          "version": "3.10.1",
          "resolved": "https://registry.npmjs.org/lodash/-/lodash-3.10.1.tgz",
          "integrity": "sha1-W/Rejkm6QYnhfUgnid/RW9FAt7Y=",
          "dev": true
        }
      }
    },
    "has-binary": {
      "version": "0.1.7",
      "resolved": "https://registry.npmjs.org/has-binary/-/has-binary-0.1.7.tgz",
      "integrity": "sha1-aOYesWIQyVRaClzOBqhzkS/h5ow=",
      "requires": {
        "isarray": "0.0.1"
      }
    },
    "has-cors": {
      "version": "1.1.0",
      "resolved": "https://registry.npmjs.org/has-cors/-/has-cors-1.1.0.tgz",
      "integrity": "sha1-XkdHk/fqmEPRu5nCPu9J/xJv/zk="
    },
    "http-errors": {
      "version": "1.6.2",
      "resolved": "https://registry.npmjs.org/http-errors/-/http-errors-1.6.2.tgz",
      "integrity": "sha1-CgAsyFcHGSp+eUbO7cERVfYOxzY=",
      "requires": {
        "depd": "1.1.1",
        "inherits": "2.0.3",
        "setprototypeof": "1.0.3",
        "statuses": "1.3.1"
      }
    },
    "humanize": {
      "version": "0.0.9",
      "resolved": "https://registry.npmjs.org/humanize/-/humanize-0.0.9.tgz",
      "integrity": "sha1-GZT/rs3+nEQe0r2sdFK3u0yeQaQ="
    },
    "indexof": {
      "version": "0.0.1",
      "resolved": "https://registry.npmjs.org/indexof/-/indexof-0.0.1.tgz",
      "integrity": "sha1-gtwzbSMrkGIXnQWrMpOmYFn9Q10="
    },
    "inherits": {
      "version": "2.0.3",
      "resolved": "https://registry.npmjs.org/inherits/-/inherits-2.0.3.tgz",
      "integrity": "sha1-Yzwsg+PaQqUC9SRmAiSA9CCCYd4="
    },
    "inversify": {
      "version": "4.3.0",
      "resolved": "https://registry.npmjs.org/inversify/-/inversify-4.3.0.tgz",
      "integrity": "sha512-BbKzOP4nLl7DSHx31vN5KgUkkJc759+OLocDGryldXPjogixzOs/n4qvT25lbNN67uB6aWlFF84NS/zI5j8pfg=="
    },
    "inversify-inject-decorators": {
      "version": "3.0.1",
      "resolved": "https://registry.npmjs.org/inversify-inject-decorators/-/inversify-inject-decorators-3.0.1.tgz",
      "integrity": "sha1-3kbfRrpyZC6srHlFHsXBAeTbywA="
    },
    "inversify-logging": {
      "version": "0.1.0",
      "resolved": "https://registry.npmjs.org/inversify-logging/-/inversify-logging-0.1.0.tgz",
      "integrity": "sha1-GVDaoQok0XbI2yMutMkJ0f848VA=",
      "requires": {
        "lodash": "4.13.1",
        "reflect-metadata": "0.1.8"
      }
    },
    "ipaddr.js": {
      "version": "1.4.0",
      "resolved": "https://registry.npmjs.org/ipaddr.js/-/ipaddr.js-1.4.0.tgz",
      "integrity": "sha1-KWrKh4qCGBbluF0KKFqZvP9FgvA="
    },
    "is-number-like": {
      "version": "1.0.8",
      "resolved": "https://registry.npmjs.org/is-number-like/-/is-number-like-1.0.8.tgz",
      "integrity": "sha512-6rZi3ezCyFcn5L71ywzz2bS5b2Igl1En3eTlZlvKjpz1n3IZLAYMbKYAIQgFmEu0GENg92ziU/faEOA/aixjbA==",
      "requires": {
        "lodash.isfinite": "3.3.2"
      }
    },
    "isarray": {
      "version": "0.0.1",
      "resolved": "https://registry.npmjs.org/isarray/-/isarray-0.0.1.tgz",
      "integrity": "sha1-ihis/Kmo9Bd+Cav8YDiTmwXR7t8="
    },
    "json3": {
      "version": "3.3.2",
      "resolved": "https://registry.npmjs.org/json3/-/json3-3.3.2.tgz",
      "integrity": "sha1-PAQ0dD35Pi9cQq7nsZvLSDV19OE="
    },
    "lodash": {
      "version": "4.13.1",
      "resolved": "https://registry.npmjs.org/lodash/-/lodash-4.13.1.tgz",
      "integrity": "sha1-g+SxCRP0hJbU0W/sSlYK8u50S2g="
    },
    "lodash.isfinite": {
      "version": "3.3.2",
      "resolved": "https://registry.npmjs.org/lodash.isfinite/-/lodash.isfinite-3.3.2.tgz",
      "integrity": "sha1-+4m2WpqAKBgz8LdHizpRBPiY67M="
    },
    "lolex": {
      "version": "1.5.2",
      "resolved": "https://registry.npmjs.org/lolex/-/lolex-1.5.2.tgz",
      "integrity": "sha1-lKTOQcYRhaBemLhmDcUJQjrBxBY=",
      "dev": true
    },
    "media-typer": {
      "version": "0.3.0",
      "resolved": "https://registry.npmjs.org/media-typer/-/media-typer-0.3.0.tgz",
      "integrity": "sha1-hxDXrwqmJvj/+hzgAWhUUmMlV0g="
    },
    "merge-descriptors": {
      "version": "1.0.1",
      "resolved": "https://registry.npmjs.org/merge-descriptors/-/merge-descriptors-1.0.1.tgz",
      "integrity": "sha1-sAqqVW3YtEVoFQ7J0blT8/kMu2E="
    },
    "methods": {
      "version": "1.1.2",
      "resolved": "https://registry.npmjs.org/methods/-/methods-1.1.2.tgz",
      "integrity": "sha1-VSmk1nZUE07cxSZmVoNbD4Ua/O4="
    },
    "mime": {
      "version": "1.3.4",
      "resolved": "https://registry.npmjs.org/mime/-/mime-1.3.4.tgz",
      "integrity": "sha1-EV+eO2s9rylZmDyzjxSaLUDrXVM="
    },
    "mime-db": {
      "version": "1.30.0",
      "resolved": "https://registry.npmjs.org/mime-db/-/mime-db-1.30.0.tgz",
      "integrity": "sha1-dMZD2i3Z1qRTmZY0ZbJtXKfXHwE="
    },
    "mime-types": {
      "version": "2.1.17",
      "resolved": "https://registry.npmjs.org/mime-types/-/mime-types-2.1.17.tgz",
      "integrity": "sha1-Cdejk/A+mVp5+K+Fe3Cp4KsWVXo=",
      "requires": {
        "mime-db": "1.30.0"
      }
    },
    "moment": {
      "version": "2.15.2",
      "resolved": "https://registry.npmjs.org/moment/-/moment-2.15.2.tgz",
      "integrity": "sha1-G/3t9qbjRfMi/pVtXfW9CKjOhNw="
    },
    "ms": {
      "version": "2.0.0",
      "resolved": "https://registry.npmjs.org/ms/-/ms-2.0.0.tgz",
      "integrity": "sha1-VgiurfwAvmwpAd9fmGF4jeDVl8g="
    },
    "negotiator": {
      "version": "0.6.1",
      "resolved": "https://registry.npmjs.org/negotiator/-/negotiator-0.6.1.tgz",
      "integrity": "sha1-KzJxhOiZIQEXeyhWP7XnECrNDKk="
    },
    "object-assign": {
      "version": "4.1.0",
      "resolved": "https://registry.npmjs.org/object-assign/-/object-assign-4.1.0.tgz",
      "integrity": "sha1-ejs9DpgGPUP0wD8uiubNUahog6A="
    },
    "object-component": {
      "version": "0.0.3",
      "resolved": "https://registry.npmjs.org/object-component/-/object-component-0.0.3.tgz",
      "integrity": "sha1-8MaapQ78lbhmwYb0AKM3acsvEpE="
    },
    "object-sizeof": {
      "version": "1.1.1",
      "resolved": "https://registry.npmjs.org/object-sizeof/-/object-sizeof-1.1.1.tgz",
      "integrity": "sha1-O4rE6MskWxyOtvF9WtyQ6vRbQYc="
    },
    "on-finished": {
      "version": "2.3.0",
      "resolved": "https://registry.npmjs.org/on-finished/-/on-finished-2.3.0.tgz",
      "integrity": "sha1-IPEzZIGwg811M3mSoWlxqi2QaUc=",
      "requires": {
        "ee-first": "1.1.1"
      }
    },
    "options": {
      "version": "0.0.6",
      "resolved": "https://registry.npmjs.org/options/-/options-0.0.6.tgz",
      "integrity": "sha1-7CLTEoBrtT5zF3Pnza788cZDEo8="
    },
    "parsejson": {
      "version": "0.0.3",
      "resolved": "https://registry.npmjs.org/parsejson/-/parsejson-0.0.3.tgz",
      "integrity": "sha1-q343WfIJ7OmUN5c/fQ8fZK4OZKs=",
      "requires": {
        "better-assert": "1.0.2"
      }
    },
    "parseqs": {
      "version": "0.0.5",
      "resolved": "https://registry.npmjs.org/parseqs/-/parseqs-0.0.5.tgz",
      "integrity": "sha1-1SCKNzjkZ2bikbouoXNoSSGouJ0=",
      "requires": {
        "better-assert": "1.0.2"
      }
    },
    "parseuri": {
      "version": "0.0.5",
      "resolved": "https://registry.npmjs.org/parseuri/-/parseuri-0.0.5.tgz",
      "integrity": "sha1-gCBKUNTbt3m/3G6+J3jZDkvOMgo=",
      "requires": {
        "better-assert": "1.0.2"
      }
    },
    "parseurl": {
      "version": "1.3.2",
      "resolved": "https://registry.npmjs.org/parseurl/-/parseurl-1.3.2.tgz",
      "integrity": "sha1-/CidTtiZMRlGDBViUyYs3I3mW/M="
    },
    "path-to-regexp": {
      "version": "0.1.7",
      "resolved": "https://registry.npmjs.org/path-to-regexp/-/path-to-regexp-0.1.7.tgz",
      "integrity": "sha1-32BBeABfUi8V60SQ5yR6G/qmf4w="
    },
    "pathval": {
      "version": "1.1.0",
      "resolved": "https://registry.npmjs.org/pathval/-/pathval-1.1.0.tgz",
      "integrity": "sha1-uULm1L3mUwBe9rcTYd74cn0GReA=",
      "dev": true
    },
    "portscanner": {
      "version": "2.1.1",
      "resolved": "https://registry.npmjs.org/portscanner/-/portscanner-2.1.1.tgz",
      "integrity": "sha1-6rtAnk3iSVD1oqUW01rnaTQ/u5Y=",
      "requires": {
        "async": "1.5.2",
        "is-number-like": "1.0.8"
      },
      "dependencies": {
        "async": {
          "version": "1.5.2",
          "resolved": "https://registry.npmjs.org/async/-/async-1.5.2.tgz",
          "integrity": "sha1-7GphrlZIDAw8skHJVhjiCJL5Zyo="
        }
      }
    },
    "postinstall-build": {
      "version": "2.1.3",
      "resolved": "https://registry.npmjs.org/postinstall-build/-/postinstall-build-2.1.3.tgz",
      "integrity": "sha1-nRiGqylJYZ9MIGr74a6pXevkXJQ=",
      "dev": true
    },
    "proxy-addr": {
      "version": "1.1.5",
      "resolved": "https://registry.npmjs.org/proxy-addr/-/proxy-addr-1.1.5.tgz",
      "integrity": "sha1-ccDuOxAt4/IC87ZPYI0XP8uhqRg=",
      "requires": {
        "forwarded": "0.1.2",
        "ipaddr.js": "1.4.0"
      }
    },
    "qs": {
      "version": "6.3.2",
      "resolved": "https://registry.npmjs.org/qs/-/qs-6.3.2.tgz",
      "integrity": "sha1-51vV9uJoEioqDgvaYwslUMFmUCw="
    },
    "range-parser": {
      "version": "1.2.0",
      "resolved": "https://registry.npmjs.org/range-parser/-/range-parser-1.2.0.tgz",
      "integrity": "sha1-9JvmtIeJTdxA3MlKMi9hEJLgDV4="
    },
    "raw-body": {
      "version": "1.1.7",
      "resolved": "https://registry.npmjs.org/raw-body/-/raw-body-1.1.7.tgz",
      "integrity": "sha1-HQJ8K/oRasxmI7yo8AAWVyqH1CU=",
      "requires": {
        "bytes": "1.0.0",
        "string_decoder": "0.10.31"
      }
    },
    "readable-stream": {
      "version": "1.0.34",
      "resolved": "https://registry.npmjs.org/readable-stream/-/readable-stream-1.0.34.tgz",
      "integrity": "sha1-Elgg40vIQtLyqq+v5MKRbuMsFXw=",
      "dev": true,
      "requires": {
        "core-util-is": "1.0.2",
        "inherits": "2.0.3",
        "isarray": "0.0.1",
        "string_decoder": "0.10.31"
      }
    },
    "reflect-metadata": {
      "version": "0.1.8",
      "resolved": "https://registry.npmjs.org/reflect-metadata/-/reflect-metadata-0.1.8.tgz",
      "integrity": "sha1-ckJtVwtgd242iJaL1auVN6Fc7PY="
    },
    "rxjs": {
      "version": "5.4.3",
      "resolved": "https://registry.npmjs.org/rxjs/-/rxjs-5.4.3.tgz",
      "integrity": "sha512-fSNi+y+P9ss+EZuV0GcIIqPUK07DEaMRUtLJvdcvMyFjc9dizuDjere+A4V7JrLGnm9iCc+nagV/4QdMTkqC4A==",
      "requires": {
        "symbol-observable": "1.0.4"
      }
    },
    "safe-json-parse": {
      "version": "1.0.1",
      "resolved": "https://registry.npmjs.org/safe-json-parse/-/safe-json-parse-1.0.1.tgz",
      "integrity": "sha1-PnZyPjjf3aE8mx0poeB//uSzC1c="
    },
    "send": {
      "version": "0.15.6",
      "resolved": "https://registry.npmjs.org/send/-/send-0.15.6.tgz",
      "integrity": "sha1-IPI6nJJbdiq4JwX+L52yUqzkfjQ=",
      "requires": {
        "debug": "2.6.9",
        "depd": "1.1.1",
        "destroy": "1.0.4",
        "encodeurl": "1.0.1",
        "escape-html": "1.0.3",
        "etag": "1.8.1",
        "fresh": "0.5.2",
        "http-errors": "1.6.2",
        "mime": "1.3.4",
        "ms": "2.0.0",
        "on-finished": "2.3.0",
        "range-parser": "1.2.0",
        "statuses": "1.3.1"
      }
    },
    "serve-static": {
      "version": "1.12.6",
      "resolved": "https://registry.npmjs.org/serve-static/-/serve-static-1.12.6.tgz",
      "integrity": "sha1-uXN3P2NEmTTaVOW+ul4x2fQhFXc=",
      "requires": {
        "encodeurl": "1.0.1",
        "escape-html": "1.0.3",
        "parseurl": "1.3.2",
        "send": "0.15.6"
      }
    },
    "setprototypeof": {
      "version": "1.0.3",
      "resolved": "https://registry.npmjs.org/setprototypeof/-/setprototypeof-1.0.3.tgz",
      "integrity": "sha1-ZlZ+NwQ+608E2RvWWMDL77VbjgQ="
    },
    "socket.io": {
      "version": "1.7.4",
      "resolved": "https://registry.npmjs.org/socket.io/-/socket.io-1.7.4.tgz",
      "integrity": "sha1-L37O3DORvy1cc+KR/iM+bjTU3QA=",
      "requires": {
        "debug": "2.3.3",
        "engine.io": "1.8.4",
        "has-binary": "0.1.7",
        "object-assign": "4.1.0",
        "socket.io-adapter": "0.5.0",
        "socket.io-client": "1.7.4",
        "socket.io-parser": "2.3.1"
      },
      "dependencies": {
        "debug": {
          "version": "2.3.3",
          "resolved": "https://registry.npmjs.org/debug/-/debug-2.3.3.tgz",
          "integrity": "sha1-QMRT5n5uE8kB3ewxeviYbNqe/4w=",
          "requires": {
            "ms": "0.7.2"
          }
        },
        "ms": {
          "version": "0.7.2",
          "resolved": "https://registry.npmjs.org/ms/-/ms-0.7.2.tgz",
          "integrity": "sha1-riXPJRKziFodldfwN4aNhDESR2U="
        }
      }
    },
    "socket.io-adapter": {
      "version": "0.5.0",
      "resolved": "https://registry.npmjs.org/socket.io-adapter/-/socket.io-adapter-0.5.0.tgz",
      "integrity": "sha1-y21LuL7IHhB4uZZ3+c7QBGBmu4s=",
      "requires": {
        "debug": "2.3.3",
        "socket.io-parser": "2.3.1"
      },
      "dependencies": {
        "debug": {
          "version": "2.3.3",
          "resolved": "https://registry.npmjs.org/debug/-/debug-2.3.3.tgz",
          "integrity": "sha1-QMRT5n5uE8kB3ewxeviYbNqe/4w=",
          "requires": {
            "ms": "0.7.2"
          }
        },
        "ms": {
          "version": "0.7.2",
          "resolved": "https://registry.npmjs.org/ms/-/ms-0.7.2.tgz",
          "integrity": "sha1-riXPJRKziFodldfwN4aNhDESR2U="
        }
      }
    },
    "socket.io-client": {
      "version": "1.7.4",
      "resolved": "https://registry.npmjs.org/socket.io-client/-/socket.io-client-1.7.4.tgz",
      "integrity": "sha1-7J+CA1btme9tNX8HVtZIcXvdQoE=",
      "requires": {
        "backo2": "1.0.2",
        "component-bind": "1.0.0",
        "component-emitter": "1.2.1",
        "debug": "2.3.3",
        "engine.io-client": "1.8.4",
        "has-binary": "0.1.7",
        "indexof": "0.0.1",
        "object-component": "0.0.3",
        "parseuri": "0.0.5",
        "socket.io-parser": "2.3.1",
        "to-array": "0.1.4"
      },
      "dependencies": {
        "component-emitter": {
          "version": "1.2.1",
          "resolved": "https://registry.npmjs.org/component-emitter/-/component-emitter-1.2.1.tgz",
          "integrity": "sha1-E3kY1teCg/ffemt8WmPhQOaUJeY="
        },
        "debug": {
          "version": "2.3.3",
          "resolved": "https://registry.npmjs.org/debug/-/debug-2.3.3.tgz",
          "integrity": "sha1-QMRT5n5uE8kB3ewxeviYbNqe/4w=",
          "requires": {
            "ms": "0.7.2"
          }
        },
        "ms": {
          "version": "0.7.2",
          "resolved": "https://registry.npmjs.org/ms/-/ms-0.7.2.tgz",
          "integrity": "sha1-riXPJRKziFodldfwN4aNhDESR2U="
        }
      }
    },
    "socket.io-parser": {
      "version": "2.3.1",
      "resolved": "https://registry.npmjs.org/socket.io-parser/-/socket.io-parser-2.3.1.tgz",
      "integrity": "sha1-3VMgJRA85Clpcya+/WQAX8/ltKA=",
      "requires": {
        "component-emitter": "1.1.2",
        "debug": "2.2.0",
        "isarray": "0.0.1",
        "json3": "3.3.2"
      },
      "dependencies": {
        "debug": {
          "version": "2.2.0",
          "resolved": "https://registry.npmjs.org/debug/-/debug-2.2.0.tgz",
          "integrity": "sha1-+HBX6ZWxofauaklgZkE3vFbwOdo=",
          "requires": {
            "ms": "0.7.1"
          }
        },
        "ms": {
          "version": "0.7.1",
          "resolved": "https://registry.npmjs.org/ms/-/ms-0.7.1.tgz",
          "integrity": "sha1-nNE8A62/8ltl7/3nzoZO6VIBcJg="
        }
      }
    },
    "statuses": {
      "version": "1.3.1",
      "resolved": "https://registry.npmjs.org/statuses/-/statuses-1.3.1.tgz",
      "integrity": "sha1-+vUbnrdKrvOzrPStX2Gr8ky3uT4="
    },
    "string-template": {
      "version": "0.2.1",
      "resolved": "https://registry.npmjs.org/string-template/-/string-template-0.2.1.tgz",
      "integrity": "sha1-QpMuWYo1LQH8IuwzZ9nYTuxsmt0="
    },
    "string_decoder": {
      "version": "0.10.31",
      "resolved": "https://registry.npmjs.org/string_decoder/-/string_decoder-0.10.31.tgz",
      "integrity": "sha1-YuIDvEF2bGwoyfyEMB2rHFMQ+pQ="
    },
    "symbol-observable": {
      "version": "1.0.4",
      "resolved": "https://registry.npmjs.org/symbol-observable/-/symbol-observable-1.0.4.tgz",
      "integrity": "sha1-Kb9hXUqnEhvdiYsi1LP5vE4qoD0="
    },
    "through": {
      "version": "2.3.8",
      "resolved": "https://registry.npmjs.org/through/-/through-2.3.8.tgz",
      "integrity": "sha1-DdTJ/6q8NXlgsbckEV1+Doai4fU="
    },
    "to-array": {
      "version": "0.1.4",
      "resolved": "https://registry.npmjs.org/to-array/-/to-array-0.1.4.tgz",
      "integrity": "sha1-F+bBH3PdTz10zaek/zI46a2b+JA="
    },
    "type-detect": {
      "version": "4.0.3",
      "resolved": "https://registry.npmjs.org/type-detect/-/type-detect-4.0.3.tgz",
      "integrity": "sha1-Dj8mcLRAmbC0bChNE2p+9Jx0wuo=",
      "dev": true
    },
    "type-is": {
      "version": "1.6.15",
      "resolved": "https://registry.npmjs.org/type-is/-/type-is-1.6.15.tgz",
      "integrity": "sha1-yrEPtJCeRByChC6v4a1kbIGARBA=",
      "requires": {
        "media-typer": "0.3.0",
        "mime-types": "2.1.17"
      }
    },
    "typemoq": {
      "version": "1.2.1",
      "resolved": "https://registry.npmjs.org/typemoq/-/typemoq-1.2.1.tgz",
      "integrity": "sha1-ylLRJxFOZ6A8BmkKNUO9yMaFxsM=",
      "dev": true,
      "requires": {
        "lodash": "4.17.4",
        "postinstall-build": "2.1.3"
      },
      "dependencies": {
        "lodash": {
          "version": "4.17.4",
          "resolved": "https://registry.npmjs.org/lodash/-/lodash-4.17.4.tgz",
          "integrity": "sha1-eCA6TRwyiuHYbcpkYONptX9AVa4=",
          "dev": true
        }
      }
    },
    "ultron": {
      "version": "1.0.2",
      "resolved": "https://registry.npmjs.org/ultron/-/ultron-1.0.2.tgz",
      "integrity": "sha1-rOEWq1V80Zc4ak6I9GhTeMiy5Po="
    },
    "unpipe": {
      "version": "1.0.0",
      "resolved": "https://registry.npmjs.org/unpipe/-/unpipe-1.0.0.tgz",
      "integrity": "sha1-sr9O6FFKrmFltIF4KdIbLvSZBOw="
    },
    "url-pattern": {
      "version": "1.0.3",
      "resolved": "https://registry.npmjs.org/url-pattern/-/url-pattern-1.0.3.tgz",
      "integrity": "sha1-BAkpJHGyTyPFDWWkeTF5PStaz8E="
    },
    "utils-merge": {
      "version": "1.0.0",
      "resolved": "https://registry.npmjs.org/utils-merge/-/utils-merge-1.0.0.tgz",
      "integrity": "sha1-ApT7kiu5N1FTVBxPcJYjHyh8ivg="
    },
    "vary": {
      "version": "1.1.2",
      "resolved": "https://registry.npmjs.org/vary/-/vary-1.1.2.tgz",
      "integrity": "sha1-IpnwLG3tMNSllhsLn3RSShj2NPw="
    },
    "ws": {
      "version": "1.1.4",
      "resolved": "https://registry.npmjs.org/ws/-/ws-1.1.4.tgz",
      "integrity": "sha1-V/QNA2gy5fUFVmKjl8Tedu1mv2E=",
      "requires": {
        "options": "0.0.6",
        "ultron": "1.0.2"
      }
    },
    "wtf-8": {
      "version": "1.0.0",
      "resolved": "https://registry.npmjs.org/wtf-8/-/wtf-8-1.0.0.tgz",
      "integrity": "sha1-OS2LotDxw00e4tYw8V0O+2jhBIo="
    },
    "xmlhttprequest-ssl": {
      "version": "1.5.3",
      "resolved": "https://registry.npmjs.org/xmlhttprequest-ssl/-/xmlhttprequest-ssl-1.5.3.tgz",
      "integrity": "sha1-GFqIjATspGw+QHDZn3tJ3jUomS0="
    },
    "xtend": {
      "version": "4.0.1",
      "resolved": "https://registry.npmjs.org/xtend/-/xtend-4.0.1.tgz",
      "integrity": "sha1-pcbVMr5lbiPbgg77lDofBJmNY68="
    },
    "yeast": {
      "version": "0.1.2",
      "resolved": "https://registry.npmjs.org/yeast/-/yeast-0.1.2.tgz",
      "integrity": "sha1-AI4G2AlDIMNy28L47XagymyKxBk="
    }
  }
}
